
Microsoft Visual Studio Solution File, Format Version 12.00
# Visual Studio Version 16
VisualStudioVersion = 16.0.30204.135
MinimumVisualStudioVersion = 10.0.40219.1
Project("{FAE04EC0-301F-11D3-BF4B-00C04F79EFBC}") = "Burger.Askxammy.MobileApp.Android", "Burger.Askxammy.MobileApp\Burger.Askxammy.MobileApp.Android\Burger.Askxammy.MobileApp.Android.csproj", "{FAE2B63A-90A7-4CDB-AB31-44AA6A745139}"
EndProject
Project("{FAE04EC0-301F-11D3-BF4B-00C04F79EFBC}") = "Burger.Askxammy.MobileApp.iOS", "Burger.Askxammy.MobileApp\Burger.Askxammy.MobileApp.iOS\Burger.Askxammy.MobileApp.iOS.csproj", "{23F9E12B-66A4-4A85-A453-49B9CE2CE869}"
EndProject
Project("{FAE04EC0-301F-11D3-BF4B-00C04F79EFBC}") = "Burger.Askxammy.MobileApp", "Burger.Askxammy.MobileApp\Burger.Askxammy.MobileApp\Burger.Askxammy.MobileApp.csproj", "{F0DB8878-A4BD-4B0D-A6B6-D62F2FF99919}"
EndProject
Global
	GlobalSection(SolutionConfigurationPlatforms) = preSolution
		Debug|Any CPU = Debug|Any CPU
		Debug|iPhone = Debug|iPhone
		Debug|iPhoneSimulator = Debug|iPhoneSimulator
		Release|Any CPU = Release|Any CPU
		Release|iPhone = Release|iPhone
		Release|iPhoneSimulator = Release|iPhoneSimulator
	EndGlobalSection
	GlobalSection(ProjectConfigurationPlatforms) = postSolution
		{FAE2B63A-90A7-4CDB-AB31-44AA6A745139}.Debug|Any CPU.ActiveCfg = Debug|Any CPU
		{FAE2B63A-90A7-4CDB-AB31-44AA6A745139}.Debug|Any CPU.Build.0 = Debug|Any CPU
		{FAE2B63A-90A7-4CDB-AB31-44AA6A745139}.Debug|Any CPU.Deploy.0 = Debug|Any CPU
		{FAE2B63A-90A7-4CDB-AB31-44AA6A745139}.Debug|iPhone.ActiveCfg = Debug|Any CPU
		{FAE2B63A-90A7-4CDB-AB31-44AA6A745139}.Debug|iPhone.Build.0 = Debug|Any CPU
		{FAE2B63A-90A7-4CDB-AB31-44AA6A745139}.Debug|iPhone.Deploy.0 = Debug|Any CPU
		{FAE2B63A-90A7-4CDB-AB31-44AA6A745139}.Debug|iPhoneSimulator.ActiveCfg = Debug|Any CPU
		{FAE2B63A-90A7-4CDB-AB31-44AA6A745139}.Debug|iPhoneSimulator.Build.0 = Debug|Any CPU
		{FAE2B63A-90A7-4CDB-AB31-44AA6A745139}.Debug|iPhoneSimulator.Deploy.0 = Debug|Any CPU
		{FAE2B63A-90A7-4CDB-AB31-44AA6A745139}.Release|Any CPU.ActiveCfg = Release|Any CPU
		{FAE2B63A-90A7-4CDB-AB31-44AA6A745139}.Release|Any CPU.Build.0 = Release|Any CPU
		{FAE2B63A-90A7-4CDB-AB31-44AA6A745139}.Release|Any CPU.Deploy.0 = Release|Any CPU
		{FAE2B63A-90A7-4CDB-AB31-44AA6A745139}.Release|iPhone.ActiveCfg = Release|Any CPU
		{FAE2B63A-90A7-4CDB-AB31-44AA6A745139}.Release|iPhone.Build.0 = Release|Any CPU
		{FAE2B63A-90A7-4CDB-AB31-44AA6A745139}.Release|iPhone.Deploy.0 = Release|Any CPU
		{FAE2B63A-90A7-4CDB-AB31-44AA6A745139}.Release|iPhoneSimulator.ActiveCfg = Release|Any CPU
		{FAE2B63A-90A7-4CDB-AB31-44AA6A745139}.Release|iPhoneSimulator.Build.0 = Release|Any CPU
		{FAE2B63A-90A7-4CDB-AB31-44AA6A745139}.Release|iPhoneSimulator.Deploy.0 = Release|Any CPU
		{23F9E12B-66A4-4A85-A453-49B9CE2CE869}.Debug|Any CPU.ActiveCfg = Debug|iPhone
		{23F9E12B-66A4-4A85-A453-49B9CE2CE869}.Debug|Any CPU.Build.0 = Debug|iPhone
		{23F9E12B-66A4-4A85-A453-49B9CE2CE869}.Debug|Any CPU.Deploy.0 = Debug|iPhone
		{23F9E12B-66A4-4A85-A453-49B9CE2CE869}.Debug|iPhone.ActiveCfg = Debug|iPhone
		{23F9E12B-66A4-4A85-A453-49B9CE2CE869}.Debug|iPhone.Build.0 = Debug|iPhone
		{23F9E12B-66A4-4A85-A453-49B9CE2CE869}.Debug|iPhone.Deploy.0 = Debug|iPhone
		{23F9E12B-66A4-4A85-A453-49B9CE2CE869}.Debug|iPhoneSimulator.ActiveCfg = Debug|iPhoneSimulator
		{23F9E12B-66A4-4A85-A453-49B9CE2CE869}.Debug|iPhoneSimulator.Build.0 = Debug|iPhoneSimulator
		{23F9E12B-66A4-4A85-A453-49B9CE2CE869}.Debug|iPhoneSimulator.Deploy.0 = Debug|iPhoneSimulator
		{23F9E12B-66A4-4A85-A453-49B9CE2CE869}.Release|Any CPU.ActiveCfg = Release|iPhone
		{23F9E12B-66A4-4A85-A453-49B9CE2CE869}.Release|Any CPU.Build.0 = Release|iPhone
		{23F9E12B-66A4-4A85-A453-49B9CE2CE869}.Release|Any CPU.Deploy.0 = Release|iPhone
		{23F9E12B-66A4-4A85-A453-49B9CE2CE869}.Release|iPhone.ActiveCfg = Release|iPhone
		{23F9E12B-66A4-4A85-A453-49B9CE2CE869}.Release|iPhone.Build.0 = Release|iPhone
		{23F9E12B-66A4-4A85-A453-49B9CE2CE869}.Release|iPhone.Deploy.0 = Release|iPhone
		{23F9E12B-66A4-4A85-A453-49B9CE2CE869}.Release|iPhoneSimulator.ActiveCfg = Release|iPhoneSimulator
		{23F9E12B-66A4-4A85-A453-49B9CE2CE869}.Release|iPhoneSimulator.Build.0 = Release|iPhoneSimulator
		{23F9E12B-66A4-4A85-A453-49B9CE2CE869}.Release|iPhoneSimulator.Deploy.0 = Release|iPhoneSimulator
		{F0DB8878-A4BD-4B0D-A6B6-D62F2FF99919}.Debug|Any CPU.ActiveCfg = Debug|Any CPU
		{F0DB8878-A4BD-4B0D-A6B6-D62F2FF99919}.Debug|Any CPU.Build.0 = Debug|Any CPU
		{F0DB8878-A4BD-4B0D-A6B6-D62F2FF99919}.Debug|Any CPU.Deploy.0 = Debug|Any CPU
		{F0DB8878-A4BD-4B0D-A6B6-D62F2FF99919}.Debug|iPhone.ActiveCfg = Debug|Any CPU
		{F0DB8878-A4BD-4B0D-A6B6-D62F2FF99919}.Debug|iPhone.Build.0 = Debug|Any CPU
		{F0DB8878-A4BD-4B0D-A6B6-D62F2FF99919}.Debug|iPhone.Deploy.0 = Debug|Any CPU
		{F0DB8878-A4BD-4B0D-A6B6-D62F2FF99919}.Debug|iPhoneSimulator.ActiveCfg = Debug|Any CPU
		{F0DB8878-A4BD-4B0D-A6B6-D62F2FF99919}.Debug|iPhoneSimulator.Build.0 = Debug|Any CPU
		{F0DB8878-A4BD-4B0D-A6B6-D62F2FF99919}.Debug|iPhoneSimulator.Deploy.0 = Debug|Any CPU
		{F0DB8878-A4BD-4B0D-A6B6-D62F2FF99919}.Release|Any CPU.ActiveCfg = Release|Any CPU
		{F0DB8878-A4BD-4B0D-A6B6-D62F2FF99919}.Release|Any CPU.Build.0 = Release|Any CPU
		{F0DB8878-A4BD-4B0D-A6B6-D62F2FF99919}.Release|Any CPU.Deploy.0 = Release|Any CPU
		{F0DB8878-A4BD-4B0D-A6B6-D62F2FF99919}.Release|iPhone.ActiveCfg = Release|Any CPU
		{F0DB8878-A4BD-4B0D-A6B6-D62F2FF99919}.Release|iPhone.Build.0 = Release|Any CPU
		{F0DB8878-A4BD-4B0D-A6B6-D62F2FF99919}.Release|iPhone.Deploy.0 = Release|Any CPU
		{F0DB8878-A4BD-4B0D-A6B6-D62F2FF99919}.Release|iPhoneSimulator.ActiveCfg = Release|Any CPU
		{F0DB8878-A4BD-4B0D-A6B6-D62F2FF99919}.Release|iPhoneSimulator.Build.0 = Release|Any CPU
		{F0DB8878-A4BD-4B0D-A6B6-D62F2FF99919}.Release|iPhoneSimulator.Deploy.0 = Release|Any CPU
	EndGlobalSection
	GlobalSection(SolutionProperties) = preSolution
		HideSolutionNode = FALSE
	EndGlobalSection
	GlobalSection(ExtensibilityGlobals) = postSolution
		SolutionGuid = {5F7273D4-722F-4197-A279-3AA8D2DC48A0}
	EndGlobalSection
EndGlobal
